<?xml version="1.0" encoding="utf-8"?>
<Project ToolsVersion="4.0" xmlns="http://schemas.microsoft.com/developer/msbuild/2003">
  <ItemGroup>
    <Filter Include="リソース ファイル">
      <UniqueIdentifier>{67DA6AB6-F800-4c08-8B7A-83BB121AAD01}</UniqueIdentifier>
      <Extensions>rc;ico;cur;bmp;dlg;rc2;rct;bin;rgs;gif;jpg;jpeg;jpe;resx;tiff;tif;png;wav;mfcribbon-ms</Extensions>
    </Filter>
    <Filter Include="main">
      <UniqueIdentifier>{3065fa88-e938-4106-80e0-f9843113a946}</UniqueIdentifier>
    </Filter>
    <Filter Include="main\SceneManager">
      <UniqueIdentifier>{c9f00a2a-b5fa-481d-a979-755d1a3c752f}</UniqueIdentifier>
    </Filter>
    <Filter Include="main\SceneManager\Scene">
      <UniqueIdentifier>{36ea09a5-1e3f-4d1a-980c-7eae12a3c1eb}</UniqueIdentifier>
    </Filter>
    <Filter Include="main\SceneManager\Scene\LogoScene">
      <UniqueIdentifier>{490c0a8a-957f-4308-91a3-148c3b9d8887}</UniqueIdentifier>
    </Filter>
    <Filter Include="main\SceneManager\Scene\LogoScene\TeamLogo">
      <UniqueIdentifier>{9a2cb99d-2fdf-4520-a5c3-d2cd0967a2a4}</UniqueIdentifier>
    </Filter>
    <Filter Include="main\SceneManager\Scene\GameScene">
      <UniqueIdentifier>{7a40e6de-92b5-4ff8-8d22-387bcf50d9cf}</UniqueIdentifier>
    </Filter>
    <Filter Include="main\SceneManager\Scene\GameScene\UI">
      <UniqueIdentifier>{790b7e67-dd10-47c7-95a9-c139ff3c3c60}</UniqueIdentifier>
    </Filter>
    <Filter Include="main\SceneManager\Scene\TitleScene">
      <UniqueIdentifier>{603e1b98-9b7f-4350-9071-514d86862938}</UniqueIdentifier>
    </Filter>
    <Filter Include="main\SceneManager\Scene\TitleScene\TitleBackGround">
      <UniqueIdentifier>{a22005e2-504e-40df-bba8-645b3c6dbf83}</UniqueIdentifier>
    </Filter>
    <Filter Include="main\SceneManager\Scene\TitleScene\TitleLogo">
      <UniqueIdentifier>{81430811-cbdc-42b8-9c7f-5a326edf964c}</UniqueIdentifier>
    </Filter>
    <Filter Include="main\SceneManager\Scene\TitleScene\TitleMenu">
      <UniqueIdentifier>{6937acf3-5287-46d3-a8a7-f4347cbbc367}</UniqueIdentifier>
    </Filter>
    <Filter Include="main\SceneManager\Scene\TitleScene\TitleMenuButton">
      <UniqueIdentifier>{6d3caa6e-98e7-4bc0-97d5-c322d952e824}</UniqueIdentifier>
    </Filter>
    <Filter Include="main\SceneManager\Scene\TitleScene\TitlePushToStart">
      <UniqueIdentifier>{79514959-3e8d-4384-8d48-8bf4f9a81526}</UniqueIdentifier>
    </Filter>
    <Filter Include="stdafx">
      <UniqueIdentifier>{e593d55b-3fce-4257-809a-bee7b6a00463}</UniqueIdentifier>
    </Filter>
    <Filter Include="main\ClickPosConverter">
      <UniqueIdentifier>{76141b8f-021f-4ebe-af40-282e51024dda}</UniqueIdentifier>
    </Filter>
    <Filter Include="main\FadeInOut">
      <UniqueIdentifier>{27c745ac-fc4b-433d-9137-3d1d1b57dc66}</UniqueIdentifier>
    </Filter>
    <Filter Include="main\Button2D">
      <UniqueIdentifier>{c72e5f09-d3a4-4470-909b-3d2464848cef}</UniqueIdentifier>
    </Filter>
    <Filter Include="main\SceneManager\SceneFactory">
      <UniqueIdentifier>{d36ef0ff-2fc2-46c4-b6cf-1d0f234aabd4}</UniqueIdentifier>
    </Filter>
    <Filter Include="main\SceneManager\Scene\GameScene\CameraController">
      <UniqueIdentifier>{e9fca83c-9807-4224-a211-9539a20eccc4}</UniqueIdentifier>
    </Filter>
    <Filter Include="main\SceneManager\Scene\GameScene\UI\Menuicon">
      <UniqueIdentifier>{878ea71f-09da-4971-a54f-7cab55d4998a}</UniqueIdentifier>
    </Filter>
    <Filter Include="main\SceneManager\Scene\GameScene\UI\TaskBar">
      <UniqueIdentifier>{9e94f02b-f975-420a-b6fd-bf2a8c31be5e}</UniqueIdentifier>
    </Filter>
    <Filter Include="main\SceneManager\Scene\GameScene\UI\Window">
      <UniqueIdentifier>{2f1b41f1-1749-4d7c-822b-86a3246fe5e7}</UniqueIdentifier>
    </Filter>
    <Filter Include="main\SceneManager\Scene\GameScene\UI\Window\BuildWindow">
      <UniqueIdentifier>{cab2730a-7b4f-4ce5-82be-48f1c4eaeea9}</UniqueIdentifier>
    </Filter>
    <Filter Include="main\SceneManager\Scene\GameScene\UI\Window\KingdomWindow">
      <UniqueIdentifier>{2928a859-0445-4645-80d0-1d2174542a7b}</UniqueIdentifier>
    </Filter>
    <Filter Include="main\SceneManager\Scene\GameScene\UI\Window\MenuWindow">
      <UniqueIdentifier>{142d5afd-c16d-44e2-b442-d07d5a0bcb16}</UniqueIdentifier>
    </Filter>
    <Filter Include="main\SceneManager\Scene\GameScene\UI\Window\OptionWindow">
      <UniqueIdentifier>{27ba279c-1b03-4c0e-bd7a-b04fed20d49a}</UniqueIdentifier>
    </Filter>
    <Filter Include="main\SceneManager\Scene\GameScene\UI\Window\TimerWindow">
      <UniqueIdentifier>{92a9bc57-f633-42ee-97f9-1d52fea461f8}</UniqueIdentifier>
    </Filter>
    <Filter Include="main\Collision">
      <UniqueIdentifier>{377b7e6e-99f2-4778-b98e-43c4365e67a4}</UniqueIdentifier>
    </Filter>
    <Filter Include="main\SceneManager\Scene\GameScene\GameData">
      <UniqueIdentifier>{305390d1-2fe4-46d3-b233-7919f2a67836}</UniqueIdentifier>
    </Filter>
    <Filter Include="main\SceneManager\Scene\GameScene\ObjectManager">
      <UniqueIdentifier>{855747e3-da27-4fca-8cdf-b84e458e7ed0}</UniqueIdentifier>
    </Filter>
    <Filter Include="main\SceneManager\Scene\GameScene\ObjectManager\Map">
      <UniqueIdentifier>{d5a18779-5aab-4dfb-ab59-6b5169c6c811}</UniqueIdentifier>
    </Filter>
    <Filter Include="main\SceneManager\Scene\GameScene\StateManager">
      <UniqueIdentifier>{0e7abe16-02af-4af2-82df-abe3282619c5}</UniqueIdentifier>
    </Filter>
    <Filter Include="main\SceneManager\Scene\GameScene\Timer">
      <UniqueIdentifier>{fef61349-18e1-489f-95b4-875902c24d49}</UniqueIdentifier>
    </Filter>
    <Filter Include="main\SceneManager\Scene\GameScene\ObjectManager\RoadManager">
      <UniqueIdentifier>{0c32cbf9-934c-4518-8bbd-52082e79f736}</UniqueIdentifier>
    </Filter>
    <Filter Include="main\SceneManager\Scene\GameScene\ObjectManager\BuildAreaManager">
      <UniqueIdentifier>{484306e8-c18f-4e57-8f63-b7d55926b239}</UniqueIdentifier>
    </Filter>
    <Filter Include="main\SceneManager\Scene\GameScene\ObjectManager\BuildAreaChecker">
      <UniqueIdentifier>{973df0d9-6aab-464a-9e30-172403731b97}</UniqueIdentifier>
    </Filter>
    <Filter Include="main\SceneManager\Scene\GameScene\ObjectManager\HouseManager">
      <UniqueIdentifier>{e45c865a-ee2e-4c8f-bf1d-f8b60d93d74d}</UniqueIdentifier>
    </Filter>
    <Filter Include="main\SceneManager\Scene\GameScene\ObjectManager\Map\Sky">
      <UniqueIdentifier>{20952576-18c7-4405-8030-20fa727913bf}</UniqueIdentifier>
    </Filter>
    <Filter Include="main\SceneManager\Scene\GameScene\ObjectManager\Map\Ground">
      <UniqueIdentifier>{def8e4f1-d98c-4596-848d-6c27029ef1cf}</UniqueIdentifier>
    </Filter>
    <Filter Include="Effect">
      <UniqueIdentifier>{7da21621-94b0-43de-a9c9-c05679b3fcbe}</UniqueIdentifier>
    </Filter>
    <Filter Include="main\SceneManager\Scene\GameScene\ObjectManager\RoadManager\RoadBuilder">
      <UniqueIdentifier>{98a34805-99d8-4acb-8493-ae2157bc540a}</UniqueIdentifier>
    </Filter>
    <Filter Include="main\SceneManager\Scene\GameScene\ObjectManager\RoadManager\RoadBuilder\RoadPreviewer">
      <UniqueIdentifier>{fbbe92b7-e145-4b9e-a4fc-f7fd8a57dec2}</UniqueIdentifier>
    </Filter>
    <Filter Include="main\SceneManager\Scene\GameScene\ObjectManager\RoadManager\Road">
      <UniqueIdentifier>{82fd1584-b28a-4985-ae0e-5c97b5b4ef4d}</UniqueIdentifier>
    </Filter>
    <Filter Include="main\SceneManager\Scene\GameScene\ObjectManager\HouseManager\House">
      <UniqueIdentifier>{c72e5dd6-77f9-4a17-b4d8-305dde0e46cf}</UniqueIdentifier>
    </Filter>
    <Filter Include="main\SceneManager\Scene\GameScene\ObjectManager\HouseManager\HouseBuilder">
      <UniqueIdentifier>{e2d7562d-811e-40ec-bbbc-894521f82855}</UniqueIdentifier>
    </Filter>
    <Filter Include="main\SceneManager\Scene\GameScene\ObjectManager\HouseManager\HouseBuilder\HousePreviewer">
      <UniqueIdentifier>{40b44ae1-7a67-4965-affc-19ab55dd4290}</UniqueIdentifier>
    </Filter>
    <Filter Include="main\SceneManager\Scene\GameScene\ObjectManager\BuildAreaManager\BuildArea">
      <UniqueIdentifier>{b4783589-9971-4b9a-b6ec-357d1dbf25e8}</UniqueIdentifier>
    </Filter>
    <Filter Include="main\SceneManager\Scene\GameScene\ObjectManager\BuildAreaManager\BuildAreaBuilder">
      <UniqueIdentifier>{8b129293-991a-4179-95f2-9f5485178d4b}</UniqueIdentifier>
    </Filter>
    <Filter Include="main\SceneManager\Scene\GameScene\ObjectManager\BuildAreaManager\BuildAreaBuilder\BuildAreaPreviewer">
      <UniqueIdentifier>{38a6eda2-a56b-4d7f-b10c-126c1ba6785b}</UniqueIdentifier>
    </Filter>
    <Filter Include="main\SceneManager\Scene\GameScene\ObjectManager\Map\Sun">
      <UniqueIdentifier>{7f40fe01-a48a-495a-9a6c-d89b192bdb54}</UniqueIdentifier>
    </Filter>
    <Filter Include="main\SceneManager\Scene\GameScene\ObjectManager\Map\SunChecker">
      <UniqueIdentifier>{5fb6e02b-0ed1-4560-8e03-0c14e46f017d}</UniqueIdentifier>
    </Filter>
    <Filter Include="main\SceneManager\InputDeviceFacade">
      <UniqueIdentifier>{19c1b4b8-cdcf-4557-bb6d-91293bc26bd8}</UniqueIdentifier>
    </Filter>
    <Filter Include="main\SceneManager\Scene\GameScene\DebugMode">
      <UniqueIdentifier>{34433163-41f8-484b-931a-613fcaeaae96}</UniqueIdentifier>
    </Filter>
    <Filter Include="main\SceneManager\Scene\GameScene\Kingdom">
      <UniqueIdentifier>{7fcdc10a-0d69-40f6-b373-fb24bec5e672}</UniqueIdentifier>
    </Filter>
    <Filter Include="main\SceneManager\Scene\GameScene\NowLoading">
      <UniqueIdentifier>{3bf1345d-5862-455b-afac-1afe71ca870d}</UniqueIdentifier>
    </Filter>
    <Filter Include="main\SceneManager\Scene\GameScene\FileSaveLoad">
      <UniqueIdentifier>{4dc2f0fa-efa9-4f16-abc0-7a95aa066d15}</UniqueIdentifier>
    </Filter>
    <Filter Include="main\SceneManager\Scene\TitleScene\TitleMenu\SelectMenu">
      <UniqueIdentifier>{60ad0d58-658a-4910-8cb3-feef7fba8f7e}</UniqueIdentifier>
    </Filter>
    <Filter Include="main\SceneManager\Scene\TitleScene\TitleMenu\SelectMenu\SelectMenuButton">
      <UniqueIdentifier>{6890121a-0f66-4603-8045-45d7493551d1}</UniqueIdentifier>
    </Filter>
    <Filter Include="main\SceneManager\Scene\GameScene\ObjectManager\HouseManager\House\Blacksmith">
      <UniqueIdentifier>{5dbb5e72-daa9-4d52-ad07-9783673c6482}</UniqueIdentifier>
    </Filter>
    <Filter Include="main\SceneManager\Scene\GameScene\ObjectManager\HouseManager\House\PrivateHouse">
      <UniqueIdentifier>{5e2a0a4c-871f-4290-8207-d2b54483a5bd}</UniqueIdentifier>
    </Filter>
    <Filter Include="main\SceneManager\Scene\GameScene\ObjectManager\HouseManager\House\Church">
      <UniqueIdentifier>{3ad5dd21-7caf-41fd-8d4d-df492a5be13a}</UniqueIdentifier>
    </Filter>
    <Filter Include="main\SceneManager\Scene\GameScene\ObjectManager\CastleManager">
      <UniqueIdentifier>{1a2dda61-94e5-4054-9806-317a57a8c489}</UniqueIdentifier>
    </Filter>
    <Filter Include="main\SceneManager\Scene\GameScene\ObjectManager\CastleManager\CastlePreviewer">
      <UniqueIdentifier>{edcd7cde-0de8-41aa-ae59-1b6173b3d450}</UniqueIdentifier>
    </Filter>
    <Filter Include="main\SceneManager\Scene\GameScene\ObjectManager\CastleManager\Castle">
      <UniqueIdentifier>{d7a26309-5880-432f-b43e-ef3b7187650d}</UniqueIdentifier>
    </Filter>
    <Filter Include="main\SceneManager\Scene\GameScene\ObjectManager\BuildAreaManager\BuildArea\CurveBuildArea">
      <UniqueIdentifier>{469eaa58-274c-4266-a122-d73088ee72c9}</UniqueIdentifier>
    </Filter>
    <Filter Include="main\SceneManager\Scene\GameScene\ObjectManager\BuildAreaManager\BuildArea\NormalBuildArea">
      <UniqueIdentifier>{262239b5-365e-4683-9c8d-bdca3e4272fc}</UniqueIdentifier>
    </Filter>
    <Filter Include="main\SceneManager\Scene\GameScene\ObjectManager\RoadManager\Road\CurveRoadArea">
      <UniqueIdentifier>{2c6b73a8-fe3a-4e56-a0ef-6c8fedbbf4b9}</UniqueIdentifier>
    </Filter>
    <Filter Include="main\SceneManager\Scene\GameScene\ObjectManager\RoadManager\Road\NormalRoadArea">
      <UniqueIdentifier>{78cdb501-7d7f-4a44-8956-5cbbc5e46adc}</UniqueIdentifier>
    </Filter>
  </ItemGroup>
  <ItemGroup>
    <ClCompile Include="Scene.cpp">
      <Filter>main\SceneManager\Scene</Filter>
    </ClCompile>
    <ClCompile Include="UI.cpp">
      <Filter>main\SceneManager\Scene\GameScene\UI</Filter>
    </ClCompile>
    <ClCompile Include="Window.cpp">
      <Filter>main\SceneManager\Scene\GameScene\UI\Window</Filter>
    </ClCompile>
    <ClCompile Include="GameScene.cpp">
      <Filter>main\SceneManager\Scene\GameScene</Filter>
    </ClCompile>
    <ClCompile Include="CameraController.cpp">
      <Filter>main\SceneManager\Scene\GameScene\CameraController</Filter>
    </ClCompile>
    <ClCompile Include="Collision.cpp">
      <Filter>main\Collision</Filter>
    </ClCompile>
    <ClCompile Include="Map.cpp">
      <Filter>main\SceneManager\Scene\GameScene\ObjectManager\Map</Filter>
    </ClCompile>
    <ClCompile Include="TitleScene.cpp">
      <Filter>main\SceneManager\Scene\TitleScene</Filter>
    </ClCompile>
    <ClCompile Include="LogoScene.cpp">
      <Filter>main\SceneManager\Scene\LogoScene</Filter>
    </ClCompile>
    <ClCompile Include="TeamLogo.cpp">
      <Filter>main\SceneManager\Scene\LogoScene\TeamLogo</Filter>
    </ClCompile>
    <ClCompile Include="TitleBackground.cpp">
      <Filter>main\SceneManager\Scene\TitleScene\TitleBackGround</Filter>
    </ClCompile>
    <ClCompile Include="TitleLogo.cpp">
      <Filter>main\SceneManager\Scene\TitleScene\TitleLogo</Filter>
    </ClCompile>
    <ClCompile Include="TitleMenu.cpp">
      <Filter>main\SceneManager\Scene\TitleScene\TitleMenu</Filter>
    </ClCompile>
    <ClCompile Include="TitleMenuButton.cpp">
      <Filter>main\SceneManager\Scene\TitleScene\TitleMenuButton</Filter>
    </ClCompile>
    <ClCompile Include="TitlePushToStart.cpp">
      <Filter>main\SceneManager\Scene\TitleScene\TitlePushToStart</Filter>
    </ClCompile>
    <ClCompile Include="SceneFactory.cpp">
      <Filter>main\SceneManager\SceneFactory</Filter>
    </ClCompile>
    <ClCompile Include="SceneManager.cpp">
      <Filter>main\SceneManager</Filter>
    </ClCompile>
    <ClCompile Include="main.cpp">
      <Filter>main</Filter>
    </ClCompile>
    <ClCompile Include="ClickPosConverter.cpp">
      <Filter>main\ClickPosConverter</Filter>
    </ClCompile>
    <ClCompile Include="Button2D.cpp">
      <Filter>main\Button2D</Filter>
    </ClCompile>
    <ClCompile Include="FadeInOut.cpp">
      <Filter>main\FadeInOut</Filter>
    </ClCompile>
    <ClCompile Include="GameData.cpp">
      <Filter>main\SceneManager\Scene\GameScene\GameData</Filter>
    </ClCompile>
    <ClCompile Include="stdafx.cpp">
      <Filter>stdafx</Filter>
    </ClCompile>
    <ClCompile Include="Timer.cpp">
      <Filter>main\SceneManager\Scene\GameScene\Timer</Filter>
    </ClCompile>
    <ClCompile Include="Menuicon.cpp">
      <Filter>main\SceneManager\Scene\GameScene\UI\Menuicon</Filter>
    </ClCompile>
    <ClCompile Include="TaskBar.cpp">
      <Filter>main\SceneManager\Scene\GameScene\UI\TaskBar</Filter>
    </ClCompile>
    <ClCompile Include="BuildWindow.cpp">
      <Filter>main\SceneManager\Scene\GameScene\UI\Window\BuildWindow</Filter>
    </ClCompile>
    <ClCompile Include="KingdomWindow.cpp">
      <Filter>main\SceneManager\Scene\GameScene\UI\Window\KingdomWindow</Filter>
    </ClCompile>
    <ClCompile Include="MenuWindow.cpp">
      <Filter>main\SceneManager\Scene\GameScene\UI\Window\MenuWindow</Filter>
    </ClCompile>
    <ClCompile Include="OptionWindow.cpp">
      <Filter>main\SceneManager\Scene\GameScene\UI\Window\OptionWindow</Filter>
    </ClCompile>
    <ClCompile Include="TimerWindow.cpp">
      <Filter>main\SceneManager\Scene\GameScene\UI\Window\TimerWindow</Filter>
    </ClCompile>
    <ClCompile Include="ObjectManager.cpp">
      <Filter>main\SceneManager\Scene\GameScene\ObjectManager</Filter>
    </ClCompile>
    <ClCompile Include="StateManager.cpp">
      <Filter>main\SceneManager\Scene\GameScene\StateManager</Filter>
    </ClCompile>
    <ClCompile Include="InputDeviceFacade.cpp">
      <Filter>main\SceneManager\InputDeviceFacade</Filter>
    </ClCompile>
    <ClCompile Include="BuildAreaManager.cpp">
      <Filter>main\SceneManager\Scene\GameScene\ObjectManager\BuildAreaManager</Filter>
    </ClCompile>
    <ClCompile Include="BuildAreaChecker.cpp">
      <Filter>main\SceneManager\Scene\GameScene\ObjectManager\BuildAreaChecker</Filter>
    </ClCompile>
    <ClCompile Include="HouseManager.cpp">
      <Filter>main\SceneManager\Scene\GameScene\ObjectManager\HouseManager</Filter>
    </ClCompile>
    <ClCompile Include="RoadManager.cpp">
      <Filter>main\SceneManager\Scene\GameScene\ObjectManager\RoadManager</Filter>
    </ClCompile>
    <ClCompile Include="Sky.cpp">
      <Filter>main\SceneManager\Scene\GameScene\ObjectManager\Map\Sky</Filter>
    </ClCompile>
    <ClCompile Include="Ground.cpp">
      <Filter>main\SceneManager\Scene\GameScene\ObjectManager\Map\Ground</Filter>
    </ClCompile>
    <ClCompile Include="Road.cpp">
      <Filter>main\SceneManager\Scene\GameScene\ObjectManager\RoadManager\Road</Filter>
    </ClCompile>
    <ClCompile Include="RoadPreviewer.cpp">
      <Filter>main\SceneManager\Scene\GameScene\ObjectManager\RoadManager\RoadBuilder\RoadPreviewer</Filter>
    </ClCompile>
    <ClCompile Include="RoadBuilder.cpp">
      <Filter>main\SceneManager\Scene\GameScene\ObjectManager\RoadManager\RoadBuilder</Filter>
    </ClCompile>
    <ClCompile Include="House.cpp">
      <Filter>main\SceneManager\Scene\GameScene\ObjectManager\HouseManager\House</Filter>
    </ClCompile>
    <ClCompile Include="HousePreviewer.cpp">
      <Filter>main\SceneManager\Scene\GameScene\ObjectManager\HouseManager\HouseBuilder\HousePreviewer</Filter>
    </ClCompile>
    <ClCompile Include="HouseBuilder.cpp">
      <Filter>main\SceneManager\Scene\GameScene\ObjectManager\HouseManager\HouseBuilder</Filter>
    </ClCompile>
    <ClCompile Include="BuildAreaPreviewer.cpp">
      <Filter>main\SceneManager\Scene\GameScene\ObjectManager\BuildAreaManager\BuildAreaBuilder\BuildAreaPreviewer</Filter>
    </ClCompile>
    <ClCompile Include="BuildAreaBuilder.cpp">
      <Filter>main\SceneManager\Scene\GameScene\ObjectManager\BuildAreaManager\BuildAreaBuilder</Filter>
    </ClCompile>
    <ClCompile Include="BuildArea.cpp">
      <Filter>main\SceneManager\Scene\GameScene\ObjectManager\BuildAreaManager\BuildArea</Filter>
    </ClCompile>
    <ClCompile Include="Sun.cpp">
      <Filter>main\SceneManager\Scene\GameScene\ObjectManager\Map\Sun</Filter>
    </ClCompile>
    <ClCompile Include="DebugMode.cpp">
      <Filter>main\SceneManager\Scene\GameScene\DebugMode</Filter>
    </ClCompile>
    <ClCompile Include="Kingdom.cpp">
      <Filter>main\SceneManager\Scene\GameScene\Kingdom</Filter>
    </ClCompile>
    <ClCompile Include="NowLoading.cpp">
      <Filter>main\SceneManager\Scene\GameScene\NowLoading</Filter>
    </ClCompile>
    <ClCompile Include="FileSaveLoad.cpp">
      <Filter>main\SceneManager\Scene\GameScene\FileSaveLoad</Filter>
    </ClCompile>
    <ClCompile Include="SelectMenu.cpp">
      <Filter>main\SceneManager\Scene\TitleScene\TitleMenu\SelectMenu</Filter>
    </ClCompile>
    <ClCompile Include="SelectMenuButton.cpp">
      <Filter>main\SceneManager\Scene\TitleScene\TitleMenu\SelectMenu\SelectMenuButton</Filter>
    </ClCompile>
    <ClCompile Include="Blacksmith.cpp">
      <Filter>main\SceneManager\Scene\GameScene\ObjectManager\HouseManager\House\Blacksmith</Filter>
    </ClCompile>
    <ClCompile Include="PrivateHouse.cpp">
      <Filter>main\SceneManager\Scene\GameScene\ObjectManager\HouseManager\House\PrivateHouse</Filter>
    </ClCompile>
    <ClCompile Include="Church.cpp">
      <Filter>main\SceneManager\Scene\GameScene\ObjectManager\HouseManager\House\Church</Filter>
    </ClCompile>
    <ClCompile Include="CastleManager.cpp">
      <Filter>main\SceneManager\Scene\GameScene\ObjectManager\CastleManager</Filter>
    </ClCompile>
    <ClCompile Include="CastlePreviewer.cpp">
      <Filter>main\SceneManager\Scene\GameScene\ObjectManager\CastleManager\CastlePreviewer</Filter>
    </ClCompile>
    <ClCompile Include="Castle.cpp">
      <Filter>main\SceneManager\Scene\GameScene\ObjectManager\CastleManager\Castle</Filter>
    </ClCompile>
    <ClCompile Include="CurveBuildArea.cpp">
      <Filter>main\SceneManager\Scene\GameScene\ObjectManager\BuildAreaManager\BuildArea\CurveBuildArea</Filter>
    </ClCompile>
    <ClCompile Include="NormalBuildArea.cpp">
      <Filter>main\SceneManager\Scene\GameScene\ObjectManager\BuildAreaManager\BuildArea\NormalBuildArea</Filter>
    </ClCompile>
    <ClCompile Include="CurveRoad.cpp">
      <Filter>main\SceneManager\Scene\GameScene\ObjectManager\RoadManager\Road\CurveRoadArea</Filter>
    </ClCompile>
    <ClCompile Include="NormalRoad.cpp">
      <Filter>main\SceneManager\Scene\GameScene\ObjectManager\RoadManager\Road\NormalRoadArea</Filter>
    </ClCompile>
  </ItemGroup>
  <ItemGroup>
    <ClInclude Include="Scene.h">
      <Filter>main\SceneManager\Scene</Filter>
    </ClInclude>
    <ClInclude Include="UI.h">
      <Filter>main\SceneManager\Scene\GameScene\UI</Filter>
    </ClInclude>
    <ClInclude Include="Window.h">
      <Filter>main\SceneManager\Scene\GameScene\UI\Window</Filter>
    </ClInclude>
    <ClInclude Include="GameScene.h">
      <Filter>main\SceneManager\Scene\GameScene</Filter>
    </ClInclude>
    <ClInclude Include="CameraController.h">
      <Filter>main\SceneManager\Scene\GameScene\CameraController</Filter>
    </ClInclude>
    <ClInclude Include="Collision.h">
      <Filter>main\Collision</Filter>
    </ClInclude>
    <ClInclude Include="Map.h">
      <Filter>main\SceneManager\Scene\GameScene\ObjectManager\Map</Filter>
    </ClInclude>
    <ClInclude Include="TitleScene.h">
      <Filter>main\SceneManager\Scene\TitleScene</Filter>
    </ClInclude>
    <ClInclude Include="LogoScene.h">
      <Filter>main\SceneManager\Scene\LogoScene</Filter>
    </ClInclude>
    <ClInclude Include="TeamLogo.h">
      <Filter>main\SceneManager\Scene\LogoScene\TeamLogo</Filter>
    </ClInclude>
    <ClInclude Include="TitleBackground.h">
      <Filter>main\SceneManager\Scene\TitleScene\TitleBackGround</Filter>
    </ClInclude>
    <ClInclude Include="TitleLogo.h">
      <Filter>main\SceneManager\Scene\TitleScene\TitleLogo</Filter>
    </ClInclude>
    <ClInclude Include="TitleMenu.h">
      <Filter>main\SceneManager\Scene\TitleScene\TitleMenu</Filter>
    </ClInclude>
    <ClInclude Include="TitleMenuButton.h">
      <Filter>main\SceneManager\Scene\TitleScene\TitleMenuButton</Filter>
    </ClInclude>
    <ClInclude Include="TitlePushToStart.h">
      <Filter>main\SceneManager\Scene\TitleScene\TitlePushToStart</Filter>
    </ClInclude>
    <ClInclude Include="SceneFactory.h">
      <Filter>main\SceneManager\SceneFactory</Filter>
    </ClInclude>
    <ClInclude Include="SceneManager.h">
      <Filter>main\SceneManager</Filter>
    </ClInclude>
    <ClInclude Include="CommonDeclaration.h">
      <Filter>main</Filter>
    </ClInclude>
    <ClInclude Include="ClickPosConverter.h">
      <Filter>main\ClickPosConverter</Filter>
    </ClInclude>
    <ClInclude Include="Button2D.h">
      <Filter>main\Button2D</Filter>
    </ClInclude>
    <ClInclude Include="FadeInOut.h">
      <Filter>main\FadeInOut</Filter>
    </ClInclude>
    <ClInclude Include="GameData.h">
      <Filter>main\SceneManager\Scene\GameScene\GameData</Filter>
    </ClInclude>
    <ClInclude Include="stdafx.h">
      <Filter>stdafx</Filter>
    </ClInclude>
    <ClInclude Include="Timer.h">
      <Filter>main\SceneManager\Scene\GameScene\Timer</Filter>
    </ClInclude>
    <ClInclude Include="Menuicon.h">
      <Filter>main\SceneManager\Scene\GameScene\UI\Menuicon</Filter>
    </ClInclude>
    <ClInclude Include="TaskBar.h">
      <Filter>main\SceneManager\Scene\GameScene\UI\TaskBar</Filter>
    </ClInclude>
    <ClInclude Include="BuildWindow.h">
      <Filter>main\SceneManager\Scene\GameScene\UI\Window\BuildWindow</Filter>
    </ClInclude>
    <ClInclude Include="KingdomWindow.h">
      <Filter>main\SceneManager\Scene\GameScene\UI\Window\KingdomWindow</Filter>
    </ClInclude>
    <ClInclude Include="MenuWindow.h">
      <Filter>main\SceneManager\Scene\GameScene\UI\Window\MenuWindow</Filter>
    </ClInclude>
    <ClInclude Include="OptionWindow.h">
      <Filter>main\SceneManager\Scene\GameScene\UI\Window\OptionWindow</Filter>
    </ClInclude>
    <ClInclude Include="TimerWindow.h">
      <Filter>main\SceneManager\Scene\GameScene\UI\Window\TimerWindow</Filter>
    </ClInclude>
    <ClInclude Include="ObjectManager.h">
      <Filter>main\SceneManager\Scene\GameScene\ObjectManager</Filter>
    </ClInclude>
    <ClInclude Include="StateManager.h">
      <Filter>main\SceneManager\Scene\GameScene\StateManager</Filter>
    </ClInclude>
    <ClInclude Include="InputDeviceFacade.h">
      <Filter>main\SceneManager\InputDeviceFacade</Filter>
    </ClInclude>
    <ClInclude Include="BuildAreaManager.h">
      <Filter>main\SceneManager\Scene\GameScene\ObjectManager\BuildAreaManager</Filter>
    </ClInclude>
    <ClInclude Include="BuildAreaChecker.h">
      <Filter>main\SceneManager\Scene\GameScene\ObjectManager\BuildAreaChecker</Filter>
    </ClInclude>
    <ClInclude Include="HouseManager.h">
      <Filter>main\SceneManager\Scene\GameScene\ObjectManager\HouseManager</Filter>
    </ClInclude>
    <ClInclude Include="RoadManager.h">
      <Filter>main\SceneManager\Scene\GameScene\ObjectManager\RoadManager</Filter>
    </ClInclude>
    <ClInclude Include="Sky.h">
      <Filter>main\SceneManager\Scene\GameScene\ObjectManager\Map\Sky</Filter>
    </ClInclude>
    <ClInclude Include="Ground.h">
      <Filter>main\SceneManager\Scene\GameScene\ObjectManager\Map\Ground</Filter>
    </ClInclude>
    <ClInclude Include="Road.h">
      <Filter>main\SceneManager\Scene\GameScene\ObjectManager\RoadManager\Road</Filter>
    </ClInclude>
    <ClInclude Include="RoadPreviewer.h">
      <Filter>main\SceneManager\Scene\GameScene\ObjectManager\RoadManager\RoadBuilder\RoadPreviewer</Filter>
    </ClInclude>
    <ClInclude Include="RoadBuilder.h">
      <Filter>main\SceneManager\Scene\GameScene\ObjectManager\RoadManager\RoadBuilder</Filter>
    </ClInclude>
    <ClInclude Include="House.h">
      <Filter>main\SceneManager\Scene\GameScene\ObjectManager\HouseManager\House</Filter>
    </ClInclude>
    <ClInclude Include="HousePreviewer.h">
      <Filter>main\SceneManager\Scene\GameScene\ObjectManager\HouseManager\HouseBuilder\HousePreviewer</Filter>
    </ClInclude>
    <ClInclude Include="HouseBuilder.h">
      <Filter>main\SceneManager\Scene\GameScene\ObjectManager\HouseManager\HouseBuilder</Filter>
    </ClInclude>
    <ClInclude Include="BuildAreaPreviewer.h">
      <Filter>main\SceneManager\Scene\GameScene\ObjectManager\BuildAreaManager\BuildAreaBuilder\BuildAreaPreviewer</Filter>
    </ClInclude>
    <ClInclude Include="BuildAreaBuilder.h">
      <Filter>main\SceneManager\Scene\GameScene\ObjectManager\BuildAreaManager\BuildAreaBuilder</Filter>
    </ClInclude>
    <ClInclude Include="BuildArea.h">
      <Filter>main\SceneManager\Scene\GameScene\ObjectManager\BuildAreaManager\BuildArea</Filter>
    </ClInclude>
    <ClInclude Include="Sun.h">
      <Filter>main\SceneManager\Scene\GameScene\ObjectManager\Map\Sun</Filter>
    </ClInclude>
    <ClInclude Include="DebugMode.h">
      <Filter>main\SceneManager\Scene\GameScene\DebugMode</Filter>
    </ClInclude>
    <ClInclude Include="Kingdom.h">
      <Filter>main\SceneManager\Scene\GameScene\Kingdom</Filter>
    </ClInclude>
    <ClInclude Include="NowLoading.h">
      <Filter>main\SceneManager\Scene\GameScene\NowLoading</Filter>
    </ClInclude>
    <ClInclude Include="FileSaveLoad.h">
      <Filter>main\SceneManager\Scene\GameScene\FileSaveLoad</Filter>
    </ClInclude>
    <ClInclude Include="SelectMenu.h">
      <Filter>main\SceneManager\Scene\TitleScene\TitleMenu\SelectMenu</Filter>
    </ClInclude>
    <ClInclude Include="SelectMenuButton.h">
      <Filter>main\SceneManager\Scene\TitleScene\TitleMenu\SelectMenu\SelectMenuButton</Filter>
    </ClInclude>
    <ClInclude Include="Blacksmith.h">
      <Filter>main\SceneManager\Scene\GameScene\ObjectManager\HouseManager\House\Blacksmith</Filter>
    </ClInclude>
    <ClInclude Include="PrivateHouse.h">
      <Filter>main\SceneManager\Scene\GameScene\ObjectManager\HouseManager\House\PrivateHouse</Filter>
    </ClInclude>
    <ClInclude Include="Church.h">
      <Filter>main\SceneManager\Scene\GameScene\ObjectManager\HouseManager\House\Church</Filter>
    </ClInclude>
    <ClInclude Include="CastleManager.h">
      <Filter>main\SceneManager\Scene\GameScene\ObjectManager\CastleManager</Filter>
    </ClInclude>
    <ClInclude Include="CastlePreviewer.h">
      <Filter>main\SceneManager\Scene\GameScene\ObjectManager\CastleManager\CastlePreviewer</Filter>
    </ClInclude>
    <ClInclude Include="Castle.h">
      <Filter>main\SceneManager\Scene\GameScene\ObjectManager\CastleManager\Castle</Filter>
    </ClInclude>
    <ClInclude Include="CurveBuildArea.h">
      <Filter>main\SceneManager\Scene\GameScene\ObjectManager\BuildAreaManager\BuildArea\CurveBuildArea</Filter>
    </ClInclude>
    <ClInclude Include="NormalBuildArea.h">
      <Filter>main\SceneManager\Scene\GameScene\ObjectManager\BuildAreaManager\BuildArea\NormalBuildArea</Filter>
    </ClInclude>
    <ClInclude Include="CurveRoad.h">
      <Filter>main\SceneManager\Scene\GameScene\ObjectManager\RoadManager\Road\CurveRoadArea</Filter>
    </ClInclude>
    <ClInclude Include="NormalRoad.h">
      <Filter>main\SceneManager\Scene\GameScene\ObjectManager\RoadManager\Road\NormalRoadArea</Filter>
    </ClInclude>
  </ItemGroup>
  <ItemGroup>
    <None Include="ClassDiagram.cd" />
  </ItemGroup>
  <ItemGroup>
    <FxCompile Include="Effect\SkyEffect.fx">
      <Filter>Effect</Filter>
    </FxCompile>
    <FxCompile Include="Effect\GroundEffect.fx">
      <Filter>Effect</Filter>
    </FxCompile>
    <FxCompile Include="Effect\HouseEffect.fx">
      <Filter>Effect</Filter>
    </FxCompile>
    <FxCompile Include="Effect\RoadEffect.fx">
      <Filter>Effect</Filter>
    </FxCompile>
    <FxCompile Include="Effect\NormalHouseEffect.fx">
      <Filter>Effect</Filter>
    </FxCompile>
  </ItemGroup>
</Project>