<?xml version="1.0" encoding="utf-8"?>
<Project ToolsVersion="4.0" xmlns="http://schemas.microsoft.com/developer/msbuild/2003">
  <ItemGroup>
    <Filter Include="ソース ファイル">
      <UniqueIdentifier>{4FC737F1-C7A5-4376-A066-2A32D752A2FF}</UniqueIdentifier>
      <Extensions>cpp;c;cc;cxx;def;odl;idl;hpj;bat;asm;asmx</Extensions>
    </Filter>
    <Filter Include="ヘッダー ファイル">
      <UniqueIdentifier>{93995380-89BD-4b04-88EB-625FBE52EBFB}</UniqueIdentifier>
      <Extensions>h;hpp;hxx;hm;inl;inc;xsd</Extensions>
    </Filter>
    <Filter Include="リソース ファイル">
      <UniqueIdentifier>{67DA6AB6-F800-4c08-8B7A-83BB121AAD01}</UniqueIdentifier>
      <Extensions>rc;ico;cur;bmp;dlg;rc2;rct;bin;rgs;gif;jpg;jpeg;jpe;resx;tiff;tif;png;wav;mfcribbon-ms</Extensions>
    </Filter>
    <Filter Include="ソース ファイル\Scene">
      <UniqueIdentifier>{36ea09a5-1e3f-4d1a-980c-7eae12a3c1eb}</UniqueIdentifier>
    </Filter>
    <Filter Include="ソース ファイル\GameScene">
      <UniqueIdentifier>{7a40e6de-92b5-4ff8-8d22-387bcf50d9cf}</UniqueIdentifier>
    </Filter>
    <Filter Include="ソース ファイル\GameScene\Window">
      <UniqueIdentifier>{2f1b41f1-1749-4d7c-822b-86a3246fe5e7}</UniqueIdentifier>
    </Filter>
    <Filter Include="ソース ファイル\GameScene\UI">
      <UniqueIdentifier>{790b7e67-dd10-47c7-95a9-c139ff3c3c60}</UniqueIdentifier>
    </Filter>
    <Filter Include="ソース ファイル\GameScene\Camera">
      <UniqueIdentifier>{e9fca83c-9807-4224-a211-9539a20eccc4}</UniqueIdentifier>
    </Filter>
    <Filter Include="ソース ファイル\GameScene\Collision">
      <UniqueIdentifier>{377b7e6e-99f2-4778-b98e-43c4365e67a4}</UniqueIdentifier>
    </Filter>
    <Filter Include="ソース ファイル\GameScene\Map">
      <UniqueIdentifier>{d5a18779-5aab-4dfb-ab59-6b5169c6c811}</UniqueIdentifier>
    </Filter>
    <Filter Include="ソース ファイル\LogoScene">
      <UniqueIdentifier>{490c0a8a-957f-4308-91a3-148c3b9d8887}</UniqueIdentifier>
    </Filter>
    <Filter Include="ソース ファイル\TitleScene">
      <UniqueIdentifier>{603e1b98-9b7f-4350-9071-514d86862938}</UniqueIdentifier>
    </Filter>
  </ItemGroup>
  <ItemGroup>
    <ClCompile Include="main.cpp">
      <Filter>ソース ファイル</Filter>
    </ClCompile>
    <ClCompile Include="GameData.cpp">
      <Filter>ソース ファイル</Filter>
    </ClCompile>
    <ClCompile Include="Scene.cpp">
      <Filter>ソース ファイル\Scene</Filter>
    </ClCompile>
    <ClCompile Include="SceneManager.cpp">
      <Filter>ソース ファイル\Scene</Filter>
    </ClCompile>
    <ClCompile Include="Timer.cpp">
      <Filter>ソース ファイル</Filter>
    </ClCompile>
    <ClCompile Include="UI.cpp">
      <Filter>ソース ファイル\GameScene\UI</Filter>
    </ClCompile>
    <ClCompile Include="TaskBar.cpp">
      <Filter>ソース ファイル\GameScene\UI</Filter>
    </ClCompile>
    <ClCompile Include="Window.cpp">
      <Filter>ソース ファイル\GameScene\Window</Filter>
    </ClCompile>
    <ClCompile Include="GameScene.cpp">
      <Filter>ソース ファイル\GameScene</Filter>
    </ClCompile>
    <ClCompile Include="CameraController.cpp">
      <Filter>ソース ファイル\GameScene\Camera</Filter>
    </ClCompile>
    <ClCompile Include="Collision.cpp">
      <Filter>ソース ファイル\GameScene\Collision</Filter>
    </ClCompile>
    <ClCompile Include="Map.cpp">
      <Filter>ソース ファイル\GameScene\Map</Filter>
    </ClCompile>
    <ClCompile Include="TimerWindow.cpp">
      <Filter>ソース ファイル\GameScene\Window</Filter>
    </ClCompile>
    <ClCompile Include="MenuWindow.cpp">
      <Filter>ソース ファイル\GameScene\Window</Filter>
    </ClCompile>
    <ClCompile Include="BuildWindow.cpp">
      <Filter>ソース ファイル\GameScene\Window</Filter>
    </ClCompile>
    <ClCompile Include="Menuicon.cpp">
      <Filter>ソース ファイル\GameScene\UI</Filter>
    </ClCompile>
    <ClCompile Include="OptionWindow.cpp">
      <Filter>ソース ファイル\GameScene\Window</Filter>
    </ClCompile>
    <ClCompile Include="KingdomWindow.cpp">
      <Filter>ソース ファイル\GameScene\Window</Filter>
    </ClCompile>
    <ClCompile Include="Crossing.cpp">
      <Filter>ソース ファイル\GameScene\Map</Filter>
    </ClCompile>
    <ClCompile Include="CrossingManager.cpp">
      <Filter>ソース ファイル\GameScene\Map</Filter>
    </ClCompile>
    <ClCompile Include="TextureManager.cpp">
      <Filter>ソース ファイル</Filter>
    </ClCompile>
    <ClCompile Include="TitleScene.cpp">
      <Filter>ソース ファイル\TitleScene</Filter>
    </ClCompile>
    <ClCompile Include="LogoScene.cpp">
      <Filter>ソース ファイル\LogoScene</Filter>
    </ClCompile>
    <ClCompile Include="SceneFactory.cpp">
      <Filter>ソース ファイル\Scene</Filter>
    </ClCompile>
    <ClCompile Include="stdafx.cpp">
      <Filter>ソース ファイル</Filter>
    </ClCompile>
    <ClCompile Include="TitleBackground.cpp">
      <Filter>ソース ファイル\TitleScene</Filter>
    </ClCompile>
    <ClCompile Include="TitleLogo.cpp">
      <Filter>ソース ファイル\TitleScene</Filter>
    </ClCompile>
    <ClCompile Include="TitleMenu.cpp">
      <Filter>ソース ファイル\TitleScene</Filter>
    </ClCompile>
    <ClCompile Include="TitlePushToStart.cpp">
      <Filter>ソース ファイル\TitleScene</Filter>
    </ClCompile>
    <ClCompile Include="FadeInOut.cpp">
      <Filter>ソース ファイル</Filter>
    </ClCompile>
    <ClCompile Include="Road.cpp">
      <Filter>ソース ファイル\GameScene\Map</Filter>
    </ClCompile>
    <ClCompile Include="RoadManager.cpp">
      <Filter>ソース ファイル\GameScene\Map</Filter>
    </ClCompile>
    <ClCompile Include="BuildArea.cpp">
      <Filter>ソース ファイル\GameScene\Map</Filter>
    </ClCompile>
    <ClCompile Include="BuildAreaManager.cpp">
      <Filter>ソース ファイル\GameScene\Map</Filter>
    </ClCompile>
    <ClCompile Include="ClickPosConverter.cpp">
      <Filter>ソース ファイル</Filter>
    </ClCompile>
    <ClCompile Include="HumanMuveAI.cpp">
      <Filter>ソース ファイル\GameScene\Map</Filter>
    </ClCompile>
    <ClCompile Include="TitleMenuButton.cpp">
      <Filter>ソース ファイル\TitleScene</Filter>
    </ClCompile>
    <ClCompile Include="HumanMoveAIManager.cpp">
      <Filter>ソース ファイル\GameScene\Map</Filter>
    </ClCompile>
    <ClCompile Include="Button2D.cpp">
      <Filter>ソース ファイル</Filter>
    </ClCompile>
  </ItemGroup>
  <ItemGroup>
    <ClInclude Include="SceneManager.h">
      <Filter>ソース ファイル\Scene</Filter>
    </ClInclude>
    <ClInclude Include="Scene.h">
      <Filter>ソース ファイル\Scene</Filter>
    </ClInclude>
    <ClInclude Include="GameData.h">
      <Filter>ソース ファイル</Filter>
    </ClInclude>
    <ClInclude Include="Macro.h">
      <Filter>ソース ファイル</Filter>
    </ClInclude>
    <ClInclude Include="Timer.h">
      <Filter>ソース ファイル</Filter>
    </ClInclude>
    <ClInclude Include="UI.h">
      <Filter>ソース ファイル\GameScene\UI</Filter>
    </ClInclude>
    <ClInclude Include="TaskBar.h">
      <Filter>ソース ファイル\GameScene\UI</Filter>
    </ClInclude>
    <ClInclude Include="Window.h">
      <Filter>ソース ファイル\GameScene\Window</Filter>
    </ClInclude>
    <ClInclude Include="GameScene.h">
      <Filter>ソース ファイル\GameScene</Filter>
    </ClInclude>
    <ClInclude Include="CameraController.h">
      <Filter>ソース ファイル\GameScene\Camera</Filter>
    </ClInclude>
    <ClInclude Include="Collision.h">
      <Filter>ソース ファイル\GameScene\Collision</Filter>
    </ClInclude>
    <ClInclude Include="Map.h">
      <Filter>ソース ファイル\GameScene\Map</Filter>
    </ClInclude>
    <ClInclude Include="TimerWindow.h">
      <Filter>ソース ファイル\GameScene\Window</Filter>
    </ClInclude>
    <ClInclude Include="MenuWindow.h">
      <Filter>ソース ファイル\GameScene\Window</Filter>
    </ClInclude>
    <ClInclude Include="BuildWindow.h">
      <Filter>ソース ファイル\GameScene\Window</Filter>
    </ClInclude>
    <ClInclude Include="Menuicon.h">
      <Filter>ソース ファイル\GameScene\UI</Filter>
    </ClInclude>
    <ClInclude Include="OptionWindow.h">
      <Filter>ソース ファイル\GameScene\Window</Filter>
    </ClInclude>
    <ClInclude Include="KingdomWindow.h">
      <Filter>ソース ファイル\GameScene\Window</Filter>
    </ClInclude>
    <ClInclude Include="Crossing.h">
      <Filter>ソース ファイル\GameScene\Map</Filter>
    </ClInclude>
    <ClInclude Include="CrossingManager.h">
      <Filter>ソース ファイル\GameScene\Map</Filter>
    </ClInclude>
    <ClInclude Include="TextureManager.h">
      <Filter>ソース ファイル</Filter>
    </ClInclude>
    <ClInclude Include="TitleScene.h">
      <Filter>ソース ファイル\TitleScene</Filter>
    </ClInclude>
    <ClInclude Include="LogoScene.h">
      <Filter>ソース ファイル\LogoScene</Filter>
    </ClInclude>
    <ClInclude Include="CommonDeclaration.h">
      <Filter>ソース ファイル</Filter>
    </ClInclude>
    <ClInclude Include="SceneFactory.h">
      <Filter>ソース ファイル\Scene</Filter>
    </ClInclude>
    <ClInclude Include="stdafx.h">
      <Filter>ソース ファイル</Filter>
    </ClInclude>
    <ClInclude Include="TitleBackground.h">
      <Filter>ソース ファイル\TitleScene</Filter>
    </ClInclude>
    <ClInclude Include="TitleLogo.h">
      <Filter>ソース ファイル\TitleScene</Filter>
    </ClInclude>
    <ClInclude Include="TitleMenu.h">
      <Filter>ソース ファイル\TitleScene</Filter>
    </ClInclude>
    <ClInclude Include="TitlePushToStart.h">
      <Filter>ソース ファイル\TitleScene</Filter>
    </ClInclude>
    <ClInclude Include="FadeInOut.h">
      <Filter>ソース ファイル</Filter>
    </ClInclude>
    <ClInclude Include="Road.h">
      <Filter>ソース ファイル\GameScene\Map</Filter>
    </ClInclude>
    <ClInclude Include="RoadManager.h">
      <Filter>ソース ファイル\GameScene\Map</Filter>
    </ClInclude>
    <ClInclude Include="BuildArea.h">
      <Filter>ソース ファイル\GameScene\Map</Filter>
    </ClInclude>
    <ClInclude Include="BuildAreaManager.h">
      <Filter>ソース ファイル\GameScene\Map</Filter>
    </ClInclude>
    <ClInclude Include="ClickPosConverter.h">
      <Filter>ソース ファイル</Filter>
    </ClInclude>
    <ClInclude Include="HumanMoveAI.h">
      <Filter>ソース ファイル\GameScene</Filter>
    </ClInclude>
    <ClInclude Include="TitleMenuButton.h">
      <Filter>ソース ファイル\TitleScene</Filter>
    </ClInclude>
    <ClInclude Include="HumanMoveAIManager.h">
      <Filter>ソース ファイル\GameScene\Map</Filter>
    </ClInclude>
    <ClInclude Include="Button2D.h">
      <Filter>ソース ファイル</Filter>
    </ClInclude>
  </ItemGroup>
</Project>